
Microsoft Visual Studio Solution File, Format Version 12.00
# Visual Studio Version 17
VisualStudioVersion = 17.14.36301.6 d17.14
MinimumVisualStudioVersion = 10.0.40219.1
Project("{FAE04EC0-301F-11D3-BF4B-00C04F79EFBC}") = "NuGetLicenseCollector", "NuGetLicenseCollector.csproj", "{64331853-578C-CF79-432C-CBE99111B88D}"
EndProject
Global
	GlobalSection(SolutionConfigurationPlatforms) = preSolution
		Debug|Any CPU = Debug|Any CPU
		Release|Any CPU = Release|Any CPU
	EndGlobalSection
	GlobalSection(ProjectConfigurationPlatforms) = postSolution
		{64331853-578C-CF79-432C-CBE99111B88D}.Debug|Any CPU.ActiveCfg = Debug|Any CPU
		{64331853-578C-CF79-432C-CBE99111B88D}.Debug|Any CPU.Build.0 = Debug|Any CPU
		{64331853-578C-CF79-432C-CBE99111B88D}.Release|Any CPU.ActiveCfg = Release|Any CPU
		{64331853-578C-CF79-432C-CBE99111B88D}.Release|Any CPU.Build.0 = Release|Any CPU
	EndGlobalSection
	GlobalSection(SolutionProperties) = preSolution
		HideSolutionNode = FALSE
	EndGlobalSection
	GlobalSection(ExtensibilityGlobals) = postSolution
		SolutionGuid = {2FB5F924-9577-4AC1-B428-EDA46FA0AF53}
	EndGlobalSection
EndGlobal
